// !$*UTF8*$!
{
	archiveVersion = 1;
	classes = {
	};
	objectVersion = 50;
	objects = {

/* Begin PBXBuildFile section */
		EE493E452357000C00D95534 /* AppDelegate.swift in Sources */ = {isa = PBXBuildFile; fileRef = EE493E442357000C00D95534 /* AppDelegate.swift */; };
		EE493E472357000C00D95534 /* SceneDelegate.swift in Sources */ = {isa = PBXBuildFile; fileRef = EE493E462357000C00D95534 /* SceneDelegate.swift */; };
		EE493E4C2357000C00D95534 /* Main.storyboard in Resources */ = {isa = PBXBuildFile; fileRef = EE493E4A2357000C00D95534 /* Main.storyboard */; };
		EE493E4F2357000C00D95534 /* TransactionTracker.xcdatamodeld in Sources */ = {isa = PBXBuildFile; fileRef = EE493E4D2357000C00D95534 /* TransactionTracker.xcdatamodeld */; };
		EE493E512357000E00D95534 /* Assets.xcassets in Resources */ = {isa = PBXBuildFile; fileRef = EE493E502357000E00D95534 /* Assets.xcassets */; };
		EE493E542357000E00D95534 /* LaunchScreen.storyboard in Resources */ = {isa = PBXBuildFile; fileRef = EE493E522357000E00D95534 /* LaunchScreen.storyboard */; };
		EE493E5E2357026C00D95534 /* TransactionVC.swift in Sources */ = {isa = PBXBuildFile; fileRef = EE493E5D2357026C00D95534 /* TransactionVC.swift */; };
		EE493E61235703AA00D95534 /* TransactionCell.swift in Sources */ = {isa = PBXBuildFile; fileRef = EE493E60235703AA00D95534 /* TransactionCell.swift */; };
		EE92C79023574C9800A1A365 /* AddTransactionVC.swift in Sources */ = {isa = PBXBuildFile; fileRef = EE92C78F23574C9800A1A365 /* AddTransactionVC.swift */; };
		EE92C79223576D4300A1A365 /* BiometricVC.swift in Sources */ = {isa = PBXBuildFile; fileRef = EE92C79123576D4300A1A365 /* BiometricVC.swift */; };
		EEF0F7E72358766A005FAAF6 /* Extension.swift in Sources */ = {isa = PBXBuildFile; fileRef = EEF0F7E62358766A005FAAF6 /* Extension.swift */; };
/* End PBXBuildFile section */

/* Begin PBXFileReference section */
		EE493E412357000C00D95534 /* TransactionTracker.app */ = {isa = PBXFileReference; explicitFileType = wrapper.application; includeInIndex = 0; path = TransactionTracker.app; sourceTree = BUILT_PRODUCTS_DIR; };
		EE493E442357000C00D95534 /* AppDelegate.swift */ = {isa = PBXFileReference; lastKnownFileType = sourcecode.swift; path = AppDelegate.swift; sourceTree = "<group>"; };
		EE493E462357000C00D95534 /* SceneDelegate.swift */ = {isa = PBXFileReference; lastKnownFileType = sourcecode.swift; path = SceneDelegate.swift; sourceTree = "<group>"; };
		EE493E4B2357000C00D95534 /* Base */ = {isa = PBXFileReference; lastKnownFileType = file.storyboard; name = Base; path = Base.lproj/Main.storyboard; sourceTree = "<group>"; };
		EE493E4E2357000C00D95534 /* TransactionTracker.xcdatamodel */ = {isa = PBXFileReference; lastKnownFileType = wrapper.xcdatamodel; path = TransactionTracker.xcdatamodel; sourceTree = "<group>"; };
		EE493E502357000E00D95534 /* Assets.xcassets */ = {isa = PBXFileReference; lastKnownFileType = folder.assetcatalog; path = Assets.xcassets; sourceTree = "<group>"; };
		EE493E532357000E00D95534 /* Base */ = {isa = PBXFileReference; lastKnownFileType = file.storyboard; name = Base; path = Base.lproj/LaunchScreen.storyboard; sourceTree = "<group>"; };
		EE493E552357000E00D95534 /* Info.plist */ = {isa = PBXFileReference; lastKnownFileType = text.plist.xml; path = Info.plist; sourceTree = "<group>"; };
		EE493E5D2357026C00D95534 /* TransactionVC.swift */ = {isa = PBXFileReference; lastKnownFileType = sourcecode.swift; path = TransactionVC.swift; sourceTree = "<group>"; };
		EE493E60235703AA00D95534 /* TransactionCell.swift */ = {isa = PBXFileReference; lastKnownFileType = sourcecode.swift; path = TransactionCell.swift; sourceTree = "<group>"; };
		EE92C78F23574C9800A1A365 /* AddTransactionVC.swift */ = {isa = PBXFileReference; lastKnownFileType = sourcecode.swift; path = AddTransactionVC.swift; sourceTree = "<group>"; };
		EE92C79123576D4300A1A365 /* BiometricVC.swift */ = {isa = PBXFileReference; lastKnownFileType = sourcecode.swift; path = BiometricVC.swift; sourceTree = "<group>"; };
		EEF0F7E62358766A005FAAF6 /* Extension.swift */ = {isa = PBXFileReference; lastKnownFileType = sourcecode.swift; path = Extension.swift; sourceTree = "<group>"; };
/* End PBXFileReference section */

/* Begin PBXFrameworksBuildPhase section */
		EE493E3E2357000C00D95534 /* Frameworks */ = {
			isa = PBXFrameworksBuildPhase;
			buildActionMask = 2147483647;
			files = (
			);
			runOnlyForDeploymentPostprocessing = 0;
		};
/* End PBXFrameworksBuildPhase section */

/* Begin PBXGroup section */
		EE493E382357000C00D95534 = {
			isa = PBXGroup;
			children = (
				EE493E432357000C00D95534 /* TransactionTracker */,
				EE493E422357000C00D95534 /* Products */,
			);
			sourceTree = "<group>";
		};
		EE493E422357000C00D95534 /* Products */ = {
			isa = PBXGroup;
			children = (
				EE493E412357000C00D95534 /* TransactionTracker.app */,
			);
			name = Products;
			sourceTree = "<group>";
		};
		EE493E432357000C00D95534 /* TransactionTracker */ = {
			isa = PBXGroup;
			children = (
				EEF0F7E52358765A005FAAF6 /* Extension */,
				EE493E5F2357039600D95534 /* Views */,
				EE493E5C2357021D00D95534 /* Controllers */,
				EE493E442357000C00D95534 /* AppDelegate.swift */,
				EE493E462357000C00D95534 /* SceneDelegate.swift */,
				EE493E4A2357000C00D95534 /* Main.storyboard */,
				EE493E502357000E00D95534 /* Assets.xcassets */,
				EE493E522357000E00D95534 /* LaunchScreen.storyboard */,
				EE493E552357000E00D95534 /* Info.plist */,
				EE493E4D2357000C00D95534 /* TransactionTracker.xcdatamodeld */,
			);
			path = TransactionTracker;
			sourceTree = "<group>";
		};
		EE493E5C2357021D00D95534 /* Controllers */ = {
			isa = PBXGroup;
			children = (
				EE493E5D2357026C00D95534 /* TransactionVC.swift */,
				EE92C78F23574C9800A1A365 /* AddTransactionVC.swift */,
				EE92C79123576D4300A1A365 /* BiometricVC.swift */,
			);
			path = Controllers;
			sourceTree = "<group>";
		};
		EE493E5F2357039600D95534 /* Views */ = {
			isa = PBXGroup;
			children = (
				EE493E60235703AA00D95534 /* TransactionCell.swift */,
			);
			path = Views;
			sourceTree = "<group>";
		};
		EEF0F7E52358765A005FAAF6 /* Extension */ = {
			isa = PBXGroup;
			children = (
				EEF0F7E62358766A005FAAF6 /* Extension.swift */,
			);
			path = Extension;
			sourceTree = "<group>";
		};
/* End PBXGroup section */

/* Begin PBXNativeTarget section */
		EE493E402357000C00D95534 /* TransactionTracker */ = {
			isa = PBXNativeTarget;
			buildConfigurationList = EE493E582357000E00D95534 /* Build configuration list for PBXNativeTarget "TransactionTracker" */;
			buildPhases = (
				EE493E3D2357000C00D95534 /* Sources */,
				EE493E3E2357000C00D95534 /* Frameworks */,
				EE493E3F2357000C00D95534 /* Resources */,
			);
			buildRules = (
			);
			dependencies = (
			);
			name = TransactionTracker;
			productName = TransactionTracker;
			productReference = EE493E412357000C00D95534 /* TransactionTracker.app */;
			productType = "com.apple.product-type.application";
		};
/* End PBXNativeTarget section */

/* Begin PBXProject section */
		EE493E392357000C00D95534 /* Project object */ = {
			isa = PBXProject;
			attributes = {
				LastSwiftUpdateCheck = 1100;
				LastUpgradeCheck = 1100;
				ORGANIZATIONNAME = ThinkX;
				TargetAttributes = {
					EE493E402357000C00D95534 = {
						CreatedOnToolsVersion = 11.0;
					};
				};
			};
			buildConfigurationList = EE493E3C2357000C00D95534 /* Build configuration list for PBXProject "TransactionTracker" */;
			compatibilityVersion = "Xcode 9.3";
			developmentRegion = en;
			hasScannedForEncodings = 0;
			knownRegions = (
				en,
				Base,
			);
			mainGroup = EE493E382357000C00D95534;
			productRefGroup = EE493E422357000C00D95534 /* Products */;
			projectDirPath = "";
			projectRoot = "";
			targets = (
				EE493E402357000C00D95534 /* TransactionTracker */,
			);
		};
/* End PBXProject section */

/* Begin PBXResourcesBuildPhase section */
		EE493E3F2357000C00D95534 /* Resources */ = {
			isa = PBXResourcesBuildPhase;
			buildActionMask = 2147483647;
			files = (
				EE493E542357000E00D95534 /* LaunchScreen.storyboard in Resources */,
				EE493E512357000E00D95534 /* Assets.xcassets in Resources */,
				EE493E4C2357000C00D95534 /* Main.storyboard in Resources */,
			);
			runOnlyForDeploymentPostprocessing = 0;
		};
/* End PBXResourcesBuildPhase section */

/* Begin PBXSourcesBuildPhase section */
		EE493E3D2357000C00D95534 /* Sources */ = {
			isa = PBXSourcesBuildPhase;
			buildActionMask = 2147483647;
			files = (
				EE493E4F2357000C00D95534 /* TransactionTracker.xcdatamodeld in Sources */,
				EE493E5E2357026C00D95534 /* TransactionVC.swift in Sources */,
				EE493E452357000C00D95534 /* AppDelegate.swift in Sources */,
				EE92C79023574C9800A1A365 /* AddTransactionVC.swift in Sources */,
				EE493E61235703AA00D95534 /* TransactionCell.swift in Sources */,
				EE92C79223576D4300A1A365 /* BiometricVC.swift in Sources */,
				EE493E472357000C00D95534 /* SceneDelegate.swift in Sources */,
				EEF0F7E72358766A005FAAF6 /* Extension.swift in Sources */,
			);
			runOnlyForDeploymentPostprocessing = 0;
		};
/* End PBXSourcesBuildPhase section */

/* Begin PBXVariantGroup section */
		EE493E4A2357000C00D95534 /* Main.storyboard */ = {
			isa = PBXVariantGroup;
			children = (
				EE493E4B2357000C00D95534 /* Base */,
			);
			name = Main.storyboard;
			sourceTree = "<group>";
		};
		EE493E522357000E00D95534 /* LaunchScreen.storyboard */ = {
			isa = PBXVariantGroup;
			children = (
				EE493E532357000E00D95534 /* Base */,
			);
			name = LaunchScreen.storyboard;
			sourceTree = "<group>";
		};
/* End PBXVariantGroup section */

/* Begin XCBuildConfiguration section */
		EE493E562357000E00D95534 /* Debug */ = {
			isa = XCBuildConfiguration;
			buildSettings = {
				ALWAYS_SEARCH_USER_PATHS = NO;
				CLANG_ANALYZER_NONNULL = YES;
				CLANG_ANALYZER_NUMBER_OBJECT_CONVERSION = YES_AGGRESSIVE;
				CLANG_CXX_LANGUAGE_STANDARD = "gnu++14";
				CLANG_CXX_LIBRARY = "libc++";
				CLANG_ENABLE_MODULES = YES;
				CLANG_ENABLE_OBJC_ARC = YES;
				CLANG_ENABLE_OBJC_WEAK = YES;
				CLANG_WARN_BLOCK_CAPTURE_AUTORELEASING = YES;
				CLANG_WARN_BOOL_CONVERSION = YES;
				CLANG_WARN_COMMA = YES;
				CLANG_WARN_CONSTANT_CONVERSION = YES;
				CLANG_WARN_DEPRECATED_OBJC_IMPLEMENTATIONS = YES;
				CLANG_WARN_DIRECT_OBJC_ISA_USAGE = YES_ERROR;
				CLANG_WARN_DOCUMENTATION_COMMENTS = YES;
				CLANG_WARN_EMPTY_BODY = YES;
				CLANG_WARN_ENUM_CONVERSION = YES;
				CLANG_WARN_INFINITE_RECURSION = YES;
				CLANG_WARN_INT_CONVERSION = YES;
				CLANG_WARN_NON_LITERAL_NULL_CONVERSION = YES;
				CLANG_WARN_OBJC_IMPLICIT_RETAIN_SELF = YES;
				CLANG_WARN_OBJC_LITERAL_CONVERSION = YES;
				CLANG_WARN_OBJC_ROOT_CLASS = YES_ERROR;
				CLANG_WARN_RANGE_LOOP_ANALYSIS = YES;
				CLANG_WARN_STRICT_PROTOTYPES = YES;
				CLANG_WARN_SUSPICIOUS_MOVE = YES;
				CLANG_WARN_UNGUARDED_AVAILABILITY = YES_AGGRESSIVE;
				CLANG_WARN_UNREACHABLE_CODE = YES;
				CLANG_WARN__DUPLICATE_METHOD_MATCH = YES;
				COPY_PHASE_STRIP = NO;
				DEBUG_INFORMATION_FORMAT = dwarf;
				ENABLE_STRICT_OBJC_MSGSEND = YES;
				ENABLE_TESTABILITY = YES;
				GCC_C_LANGUAGE_STANDARD = gnu11;
				GCC_DYNAMIC_NO_PIC = NO;
				GCC_NO_COMMON_BLOCKS = YES;
				GCC_OPTIMIZATION_LEVEL = 0;
				GCC_PREPROCESSOR_DEFINITIONS = (
					"DEBUG=1",
					"$(inherited)",
				);
				GCC_WARN_64_TO_32_BIT_CONVERSION = YES;
				GCC_WARN_ABOUT_RETURN_TYPE = YES_ERROR;
				GCC_WARN_UNDECLARED_SELECTOR = YES;
				GCC_WARN_UNINITIALIZED_AUTOS = YES_AGGRESSIVE;
				GCC_WARN_UNUSED_FUNCTION = YES;
				GCC_WARN_UNUSED_VARIABLE = YES;
				IPHONEOS_DEPLOYMENT_TARGET = 13.0;
				MTL_ENABLE_DEBUG_INFO = INCLUDE_SOURCE;
				MTL_FAST_MATH = YES;
				ONLY_ACTIVE_ARCH = YES;
				SDKROOT = iphoneos;
				SWIFT_ACTIVE_COMPILATION_CONDITIONS = DEBUG;
				SWIFT_OPTIMIZATION_LEVEL = "-Onone";
			};
			name = Debug;
		};
		EE493E572357000E00D95534 /* Release */ = {
			isa = XCBuildConfiguration;
			buildSettings = {
				ALWAYS_SEARCH_USER_PATHS = NO;
				CLANG_ANALYZER_NONNULL = YES;
				CLANG_ANALYZER_NUMBER_OBJECT_CONVERSION = YES_AGGRESSIVE;
				CLANG_CXX_LANGUAGE_STANDARD = "gnu++14";
				CLANG_CXX_LIBRARY = "libc++";
				CLANG_ENABLE_MODULES = YES;
				CLANG_ENABLE_OBJC_ARC = YES;
				CLANG_ENABLE_OBJC_WEAK = YES;
				CLANG_WARN_BLOCK_CAPTURE_AUTORELEASING = YES;
				CLANG_WARN_BOOL_CONVERSION = YES;
				CLANG_WARN_COMMA = YES;
				CLANG_WARN_CONSTANT_CONVERSION = YES;
				CLANG_WARN_DEPRECATED_OBJC_IMPLEMENTATIONS = YES;
				CLANG_WARN_DIRECT_OBJC_ISA_USAGE = YES_ERROR;
				CLANG_WARN_DOCUMENTATION_COMMENTS = YES;
				CLANG_WARN_EMPTY_BODY = YES;
				CLANG_WARN_ENUM_CONVERSION = YES;
				CLANG_WARN_INFINITE_RECURSION = YES;
				CLANG_WARN_INT_CONVERSION = YES;
				CLANG_WARN_NON_LITERAL_NULL_CONVERSION = YES;
				CLANG_WARN_OBJC_IMPLICIT_RETAIN_SELF = YES;
				CLANG_WARN_OBJC_LITERAL_CONVERSION = YES;
				CLANG_WARN_OBJC_ROOT_CLASS = YES_ERROR;
				CLANG_WARN_RANGE_LOOP_ANALYSIS = YES;
				CLANG_WARN_STRICT_PROTOTYPES = YES;
				CLANG_WARN_SUSPICIOUS_MOVE = YES;
				CLANG_WARN_UNGUARDED_AVAILABILITY = YES_AGGRESSIVE;
				CLANG_WARN_UNREACHABLE_CODE = YES;
				CLANG_WARN__DUPLICATE_METHOD_MATCH = YES;
				COPY_PHASE_STRIP = NO;
				DEBUG_INFORMATION_FORMAT = "dwarf-with-dsym";
				ENABLE_NS_ASSERTIONS = NO;
				ENABLE_STRICT_OBJC_MSGSEND = YES;
				GCC_C_LANGUAGE_STANDARD = gnu11;
				GCC_NO_COMMON_BLOCKS = YES;
				GCC_WARN_64_TO_32_BIT_CONVERSION = YES;
				GCC_WARN_ABOUT_RETURN_TYPE = YES_ERROR;
				GCC_WARN_UNDECLARED_SELECTOR = YES;
				GCC_WARN_UNINITIALIZED_AUTOS = YES_AGGRESSIVE;
				GCC_WARN_UNUSED_FUNCTION = YES;
				GCC_WARN_UNUSED_VARIABLE = YES;
				IPHONEOS_DEPLOYMENT_TARGET = 13.0;
				MTL_ENABLE_DEBUG_INFO = NO;
				MTL_FAST_MATH = YES;
				SDKROOT = iphoneos;
				SWIFT_COMPILATION_MODE = wholemodule;
				SWIFT_OPTIMIZATION_LEVEL = "-O";
				VALIDATE_PRODUCT = YES;
			};
			name = Release;
		};
		EE493E592357000E00D95534 /* Debug */ = {
			isa = XCBuildConfiguration;
			buildSettings = {
				ASSETCATALOG_COMPILER_APPICON_NAME = AppIcon;
				CODE_SIGN_STYLE = Automatic;
				DEVELOPMENT_TEAM = JBK837HF7X;
				INFOPLIST_FILE = TransactionTracker/Info.plist;
				LD_RUNPATH_SEARCH_PATHS = (
					"$(inherited)",
					"@executable_path/Frameworks",
				);
				PRODUCT_BUNDLE_IDENTIFIER = com.harshitgajjar.TransactionTracker;
				PRODUCT_NAME = "$(TARGET_NAME)";
				SWIFT_VERSION = 5.0;
				TARGETED_DEVICE_FAMILY = "1,2";
			};
			name = Debug;
		};
		EE493E5A2357000E00D95534 /* Release */ = {
			isa = XCBuildConfiguration;
			buildSettings = {
				ASSETCATALOG_COMPILER_APPICON_NAME = AppIcon;
				CODE_SIGN_STYLE = Automatic;
				DEVELOPMENT_TEAM = JBK837HF7X;
				INFOPLIST_FILE = TransactionTracker/Info.plist;
				LD_RUNPATH_SEARCH_PATHS = (
					"$(inherited)",
					"@executable_path/Frameworks",
				);
				PRODUCT_BUNDLE_IDENTIFIER = com.harshitgajjar.TransactionTracker;
				PRODUCT_NAME = "$(TARGET_NAME)";
				SWIFT_VERSION = 5.0;
				TARGETED_DEVICE_FAMILY = "1,2";
			};
			name = Release;
		};
/* End XCBuildConfiguration section */

/* Begin XCConfigurationList section */
		EE493E3C2357000C00D95534 /* Build configuration list for PBXProject "TransactionTracker" */ = {
			isa = XCConfigurationList;
			buildConfigurations = (
				EE493E562357000E00D95534 /* Debug */,
				EE493E572357000E00D95534 /* Release */,
			);
			defaultConfigurationIsVisible = 0;
			defaultConfigurationName = Release;
		};
		EE493E582357000E00D95534 /* Build configuration list for PBXNativeTarget "TransactionTracker" */ = {
			isa = XCConfigurationList;
			buildConfigurations = (
				EE493E592357000E00D95534 /* Debug */,
				EE493E5A2357000E00D95534 /* Release */,
			);
			defaultConfigurationIsVisible = 0;
			defaultConfigurationName = Release;
		};
/* End XCConfigurationList section */

/* Begin XCVersionGroup section */
		EE493E4D2357000C00D95534 /* TransactionTracker.xcdatamodeld */ = {
			isa = XCVersionGroup;
			children = (
				EE493E4E2357000C00D95534 /* TransactionTracker.xcdatamodel */,
			);
			currentVersion = EE493E4E2357000C00D95534 /* TransactionTracker.xcdatamodel */;
			path = TransactionTracker.xcdatamodeld;
			sourceTree = "<group>";
			versionGroupType = wrapper.xcdatamodel;
		};
/* End XCVersionGroup section */
	};
	rootObject = EE493E392357000C00D95534 /* Project object */;
}
